# This file is generated by running "yarn install" inside your project.
# Manual changes might be lost - proceed with caution!

__metadata:
  version: 8
  cacheKey: 10c0

"data-uri-to-buffer@npm:^4.0.0":
  version: 4.0.1
  resolution: "data-uri-to-buffer@npm:4.0.1"
  checksum: 10c0/20a6b93107597530d71d4cb285acee17f66bcdfc03fd81040921a81252f19db27588d87fc8fc69e1950c55cfb0bf8ae40d0e5e21d907230813eb5d5a7f9eb45b
  languageName: node
  linkType: hard

"exchange-rate-notifier@workspace:.":
  version: 0.0.0-use.local
  resolution: "exchange-rate-notifier@workspace:."
  dependencies:
    node-cron: "npm:^3.0.3"
    node-fetch: "npm:^3.3.2"
    nodemailer: "npm:^6.10.0"
  languageName: unknown
  linkType: soft

"fetch-blob@npm:^3.1.2, fetch-blob@npm:^3.1.4":
  version: 3.2.0
  resolution: "fetch-blob@npm:3.2.0"
  dependencies:
    node-domexception: "npm:^1.0.0"
    web-streams-polyfill: "npm:^3.0.3"
  checksum: 10c0/60054bf47bfa10fb0ba6cb7742acec2f37c1f56344f79a70bb8b1c48d77675927c720ff3191fa546410a0442c998d27ab05e9144c32d530d8a52fbe68f843b69
  languageName: node
  linkType: hard

"formdata-polyfill@npm:^4.0.10":
  version: 4.0.10
  resolution: "formdata-polyfill@npm:4.0.10"
  dependencies:
    fetch-blob: "npm:^3.1.2"
  checksum: 10c0/5392ec484f9ce0d5e0d52fb5a78e7486637d516179b0eb84d81389d7eccf9ca2f663079da56f761355c0a65792810e3b345dc24db9a8bbbcf24ef3c8c88570c6
  languageName: node
  linkType: hard

"node-cron@npm:^3.0.3":
  version: 3.0.3
  resolution: "node-cron@npm:3.0.3"
  dependencies:
    uuid: "npm:8.3.2"
  checksum: 10c0/e6e817c5bf28cca69f256ecc1a2cb737cf895cb0fe22f8ec58ce614cb74dcc22e93f495984a26ece51322473238ccc0ef53b4f373035697017b8c28bddacb9b9
  languageName: node
  linkType: hard

"node-domexception@npm:^1.0.0":
  version: 1.0.0
  resolution: "node-domexception@npm:1.0.0"
  checksum: 10c0/5e5d63cda29856402df9472335af4bb13875e1927ad3be861dc5ebde38917aecbf9ae337923777af52a48c426b70148815e890a5d72760f1b4d758cc671b1a2b
  languageName: node
  linkType: hard

"node-fetch@npm:^3.3.2":
  version: 3.3.2
  resolution: "node-fetch@npm:3.3.2"
  dependencies:
    data-uri-to-buffer: "npm:^4.0.0"
    fetch-blob: "npm:^3.1.4"
    formdata-polyfill: "npm:^4.0.10"
  checksum: 10c0/f3d5e56190562221398c9f5750198b34cf6113aa304e34ee97c94fd300ec578b25b2c2906edba922050fce983338fde0d5d34fcb0fc3336ade5bd0e429ad7538
  languageName: node
  linkType: hard

"nodemailer@npm:^6.10.0":
  version: 6.10.0
  resolution: "nodemailer@npm:6.10.0"
  checksum: 10c0/39fd35d65b021b94c968eeac82a66dd843021b6ba53c659d01b1dd4cda73b6a2f96e20facfe500efa4b8d3f1cb23df10245c6c86b2bde5f806691ed17ce87826
  languageName: node
  linkType: hard

"uuid@npm:8.3.2":
  version: 8.3.2
  resolution: "uuid@npm:8.3.2"
  bin:
    uuid: dist/bin/uuid
  checksum: 10c0/bcbb807a917d374a49f475fae2e87fdca7da5e5530820ef53f65ba1d12131bd81a92ecf259cc7ce317cbe0f289e7d79fdfebcef9bfa3087c8c8a2fa304c9be54
  languageName: node
  linkType: hard

"web-streams-polyfill@npm:^3.0.3":
  version: 3.3.3
  resolution: "web-streams-polyfill@npm:3.3.3"
  checksum: 10c0/64e855c47f6c8330b5436147db1c75cb7e7474d924166800e8e2aab5eb6c76aac4981a84261dd2982b3e754490900b99791c80ae1407a9fa0dcff74f82ea3a7f
  languageName: node
  linkType: hard
